
Microsoft Visual Studio Solution File, Format Version 12.00
# Visual Studio Version 17
VisualStudioVersion = 17.4.33205.214
MinimumVisualStudioVersion = 10.0.40219.1
Project("{9A19103F-16F7-4668-BE54-9A1E7A4F7556}") = "Logisticsm", "Logisticsm\Logisticsm.csproj", "{D649677A-FE95-4930-91B7-AEB08CA12C7B}"
EndProject
Global
	GlobalSection(SolutionConfigurationPlatforms) = preSolution
		Debug|Any CPU = Debug|Any CPU
		Release|Any CPU = Release|Any CPU
	EndGlobalSection
	GlobalSection(ProjectConfigurationPlatforms) = postSolution
		{D649677A-FE95-4930-91B7-AEB08CA12C7B}.Debug|Any CPU.ActiveCfg = Debug|Any CPU
		{D649677A-FE95-4930-91B7-AEB08CA12C7B}.Debug|Any CPU.Build.0 = Debug|Any CPU
		{D649677A-FE95-4930-91B7-AEB08CA12C7B}.Release|Any CPU.ActiveCfg = Release|Any CPU
		{D649677A-FE95-4930-91B7-AEB08CA12C7B}.Release|Any CPU.Build.0 = Release|Any CPU
	EndGlobalSection
	GlobalSection(SolutionProperties) = preSolution
		HideSolutionNode = FALSE
	EndGlobalSection
	GlobalSection(ExtensibilityGlobals) = postSolution
		SolutionGuid = {D685EAC8-AAD1-41F8-8216-CB77E2986108}
	EndGlobalSection
EndGlobal
